
Microsoft Visual Studio Solution File, Format Version 12.00
# Visual Studio 15
VisualStudioVersion = 15.0.28307.1800
MinimumVisualStudioVersion = 10.0.40219.1
Project("{9A19103F-16F7-4668-BE54-9A1E7A4F7556}") = "Medical.Core", "Medical.Core\Medical.Core.csproj", "{DBD20B52-3303-4FDD-A230-67947DEB04BD}"
EndProject
Project("{9A19103F-16F7-4668-BE54-9A1E7A4F7556}") = "Medical.Tests", "Medical.Tests\Medical.Tests.csproj", "{618DED9C-9303-4EC8-9C2A-23E123D8C4A1}"
EndProject
Project("{FAE04EC0-301F-11D3-BF4B-00C04F79EFBC}") = "Medical.UI", "Medical.UI\Medical.UI.csproj", "{299E1A29-7AD0-46F5-ADFE-3F56B2EBBB99}"
EndProject
Project("{FAE04EC0-301F-11D3-BF4B-00C04F79EFBC}") = "Medical.Common", "Medical.Common\Medical.Common.csproj", "{99DBE399-106B-4B54-AA38-589085911C37}"
EndProject
Global
	GlobalSection(SolutionConfigurationPlatforms) = preSolution
		Debug|Any CPU = Debug|Any CPU
		Release|Any CPU = Release|Any CPU
	EndGlobalSection
	GlobalSection(ProjectConfigurationPlatforms) = postSolution
		{DBD20B52-3303-4FDD-A230-67947DEB04BD}.Debug|Any CPU.ActiveCfg = Debug|Any CPU
		{DBD20B52-3303-4FDD-A230-67947DEB04BD}.Debug|Any CPU.Build.0 = Debug|Any CPU
		{DBD20B52-3303-4FDD-A230-67947DEB04BD}.Release|Any CPU.ActiveCfg = Release|Any CPU
		{DBD20B52-3303-4FDD-A230-67947DEB04BD}.Release|Any CPU.Build.0 = Release|Any CPU
		{618DED9C-9303-4EC8-9C2A-23E123D8C4A1}.Debug|Any CPU.ActiveCfg = Debug|Any CPU
		{618DED9C-9303-4EC8-9C2A-23E123D8C4A1}.Debug|Any CPU.Build.0 = Debug|Any CPU
		{618DED9C-9303-4EC8-9C2A-23E123D8C4A1}.Release|Any CPU.ActiveCfg = Release|Any CPU
		{618DED9C-9303-4EC8-9C2A-23E123D8C4A1}.Release|Any CPU.Build.0 = Release|Any CPU
		{299E1A29-7AD0-46F5-ADFE-3F56B2EBBB99}.Debug|Any CPU.ActiveCfg = Debug|Any CPU
		{299E1A29-7AD0-46F5-ADFE-3F56B2EBBB99}.Debug|Any CPU.Build.0 = Debug|Any CPU
		{299E1A29-7AD0-46F5-ADFE-3F56B2EBBB99}.Release|Any CPU.ActiveCfg = Release|Any CPU
		{299E1A29-7AD0-46F5-ADFE-3F56B2EBBB99}.Release|Any CPU.Build.0 = Release|Any CPU
		{99DBE399-106B-4B54-AA38-589085911C37}.Debug|Any CPU.ActiveCfg = Debug|Any CPU
		{99DBE399-106B-4B54-AA38-589085911C37}.Debug|Any CPU.Build.0 = Debug|Any CPU
		{99DBE399-106B-4B54-AA38-589085911C37}.Release|Any CPU.ActiveCfg = Release|Any CPU
		{99DBE399-106B-4B54-AA38-589085911C37}.Release|Any CPU.Build.0 = Release|Any CPU
	EndGlobalSection
	GlobalSection(SolutionProperties) = preSolution
		HideSolutionNode = FALSE
	EndGlobalSection
	GlobalSection(ExtensibilityGlobals) = postSolution
		SolutionGuid = {36769B1C-A8C6-4073-9571-146845AECBDF}
	EndGlobalSection
EndGlobal
